
Microsoft Visual Studio Solution File, Format Version 12.00
# Visual Studio Version 17
VisualStudioVersion = 17.13.35913.81
MinimumVisualStudioVersion = 10.0.40219.1
Project("{FAE04EC0-301F-11D3-BF4B-00C04F79EFBC}") = "Ex01_01", "Ex01_01\Ex01_01.csproj", "{CDA068A0-2AB7-40D5-818A-6E8F22846EE8}"
EndProject
Project("{FAE04EC0-301F-11D3-BF4B-00C04F79EFBC}") = "Ex01_02", "Ex01_02\Ex01_02.csproj", "{6FDFB67D-D0B0-4CE9-A88E-173FD5F58957}"
EndProject
Project("{FAE04EC0-301F-11D3-BF4B-00C04F79EFBC}") = "Ex01_03", "Ex01_03\Ex01_03.csproj", "{6CFC5DCC-EC7E-415F-A747-C4C61EE5A0EE}"
EndProject
Project("{FAE04EC0-301F-11D3-BF4B-00C04F79EFBC}") = "Ex01_04", "Ex01_04\Ex01_04.csproj", "{4DD87C75-74A8-44B7-87E6-8DFB33E16EC7}"
EndProject
Project("{FAE04EC0-301F-11D3-BF4B-00C04F79EFBC}") = "Ex01_05", "Ex01_05\Ex01_05.csproj", "{F2903934-1A69-4F3A-A652-CCE0E718F52E}"
EndProject
Global
	GlobalSection(SolutionConfigurationPlatforms) = preSolution
		Debug|Any CPU = Debug|Any CPU
		Release|Any CPU = Release|Any CPU
	EndGlobalSection
	GlobalSection(ProjectConfigurationPlatforms) = postSolution
		{CDA068A0-2AB7-40D5-818A-6E8F22846EE8}.Debug|Any CPU.ActiveCfg = Debug|Any CPU
		{CDA068A0-2AB7-40D5-818A-6E8F22846EE8}.Debug|Any CPU.Build.0 = Debug|Any CPU
		{CDA068A0-2AB7-40D5-818A-6E8F22846EE8}.Release|Any CPU.ActiveCfg = Release|Any CPU
		{CDA068A0-2AB7-40D5-818A-6E8F22846EE8}.Release|Any CPU.Build.0 = Release|Any CPU
		{6FDFB67D-D0B0-4CE9-A88E-173FD5F58957}.Debug|Any CPU.ActiveCfg = Debug|Any CPU
		{6FDFB67D-D0B0-4CE9-A88E-173FD5F58957}.Debug|Any CPU.Build.0 = Debug|Any CPU
		{6FDFB67D-D0B0-4CE9-A88E-173FD5F58957}.Release|Any CPU.ActiveCfg = Release|Any CPU
		{6FDFB67D-D0B0-4CE9-A88E-173FD5F58957}.Release|Any CPU.Build.0 = Release|Any CPU
		{6CFC5DCC-EC7E-415F-A747-C4C61EE5A0EE}.Debug|Any CPU.ActiveCfg = Debug|Any CPU
		{6CFC5DCC-EC7E-415F-A747-C4C61EE5A0EE}.Debug|Any CPU.Build.0 = Debug|Any CPU
		{6CFC5DCC-EC7E-415F-A747-C4C61EE5A0EE}.Release|Any CPU.ActiveCfg = Release|Any CPU
		{6CFC5DCC-EC7E-415F-A747-C4C61EE5A0EE}.Release|Any CPU.Build.0 = Release|Any CPU
		{4DD87C75-74A8-44B7-87E6-8DFB33E16EC7}.Debug|Any CPU.ActiveCfg = Debug|Any CPU
		{4DD87C75-74A8-44B7-87E6-8DFB33E16EC7}.Debug|Any CPU.Build.0 = Debug|Any CPU
		{4DD87C75-74A8-44B7-87E6-8DFB33E16EC7}.Release|Any CPU.ActiveCfg = Release|Any CPU
		{4DD87C75-74A8-44B7-87E6-8DFB33E16EC7}.Release|Any CPU.Build.0 = Release|Any CPU
		{F2903934-1A69-4F3A-A652-CCE0E718F52E}.Debug|Any CPU.ActiveCfg = Debug|Any CPU
		{F2903934-1A69-4F3A-A652-CCE0E718F52E}.Debug|Any CPU.Build.0 = Debug|Any CPU
		{F2903934-1A69-4F3A-A652-CCE0E718F52E}.Release|Any CPU.ActiveCfg = Release|Any CPU
		{F2903934-1A69-4F3A-A652-CCE0E718F52E}.Release|Any CPU.Build.0 = Release|Any CPU
	EndGlobalSection
	GlobalSection(SolutionProperties) = preSolution
		HideSolutionNode = FALSE
	EndGlobalSection
	GlobalSection(ExtensibilityGlobals) = postSolution
		SolutionGuid = {30BEEBBF-CFB3-4954-BD6D-A8B1D156C04D}
	EndGlobalSection
EndGlobal
