
Microsoft Visual Studio Solution File, Format Version 12.00
# Visual Studio Version 17
VisualStudioVersion = 17.13.35913.81
MinimumVisualStudioVersion = 10.0.40219.1
Project("{FAE04EC0-301F-11D3-BF4B-00C04F79EFBC}") = "Ex01_01", "Ex01_01\Ex01_01.csproj", "{CDA068A0-2AB7-40D5-818A-6E8F22846EE8}"
EndProject
Project("{FAE04EC0-301F-11D3-BF4B-00C04F79EFBC}") = "Ex01_02", "Ex01_02\Ex01_02.csproj", "{6FDFB67D-D0B0-4CE9-A88E-173FD5F58957}"
EndProject
Global
	GlobalSection(SolutionConfigurationPlatforms) = preSolution
		Debug|Any CPU = Debug|Any CPU
		Release|Any CPU = Release|Any CPU
	EndGlobalSection
	GlobalSection(ProjectConfigurationPlatforms) = postSolution
		{CDA068A0-2AB7-40D5-818A-6E8F22846EE8}.Debug|Any CPU.ActiveCfg = Debug|Any CPU
		{CDA068A0-2AB7-40D5-818A-6E8F22846EE8}.Debug|Any CPU.Build.0 = Debug|Any CPU
		{CDA068A0-2AB7-40D5-818A-6E8F22846EE8}.Release|Any CPU.ActiveCfg = Release|Any CPU
		{CDA068A0-2AB7-40D5-818A-6E8F22846EE8}.Release|Any CPU.Build.0 = Release|Any CPU
		{6FDFB67D-D0B0-4CE9-A88E-173FD5F58957}.Debug|Any CPU.ActiveCfg = Debug|Any CPU
		{6FDFB67D-D0B0-4CE9-A88E-173FD5F58957}.Debug|Any CPU.Build.0 = Debug|Any CPU
		{6FDFB67D-D0B0-4CE9-A88E-173FD5F58957}.Release|Any CPU.ActiveCfg = Release|Any CPU
		{6FDFB67D-D0B0-4CE9-A88E-173FD5F58957}.Release|Any CPU.Build.0 = Release|Any CPU
	EndGlobalSection
	GlobalSection(SolutionProperties) = preSolution
		HideSolutionNode = FALSE
	EndGlobalSection
	GlobalSection(ExtensibilityGlobals) = postSolution
		SolutionGuid = {30BEEBBF-CFB3-4954-BD6D-A8B1D156C04D}
	EndGlobalSection
EndGlobal
